
Microsoft Visual Studio Solution File, Format Version 12.00
# Visual Studio 2012
Project("{FAE04EC0-301F-11D3-BF4B-00C04F79EFBC}") = "LevenshteinDistance.Web", "LevenshteinDistance.Web\LevenshteinDistance.Web.csproj", "{7B6F55D3-5852-477D-9D16-5D374FA31824}"
EndProject
Project("{FAE04EC0-301F-11D3-BF4B-00C04F79EFBC}") = "LevenshteinDistance.Implementation", "LevenshteinDistance.Implementation\LevenshteinDistance.Implementation.csproj", "{0C618D9A-99DC-4873-9F95-CA0956C99052}"
EndProject
Project("{FAE04EC0-301F-11D3-BF4B-00C04F79EFBC}") = "LevenshteinDistance.Test", "LevenshteinDistance.Test\LevenshteinDistance.Test.csproj", "{C2BC2BFD-1B90-4276-BDE9-E7859827193C}"
EndProject
Global
	GlobalSection(SolutionConfigurationPlatforms) = preSolution
		Debug|Any CPU = Debug|Any CPU
		Release|Any CPU = Release|Any CPU
	EndGlobalSection
	GlobalSection(ProjectConfigurationPlatforms) = postSolution
		{7B6F55D3-5852-477D-9D16-5D374FA31824}.Debug|Any CPU.ActiveCfg = Debug|Any CPU
		{7B6F55D3-5852-477D-9D16-5D374FA31824}.Debug|Any CPU.Build.0 = Debug|Any CPU
		{7B6F55D3-5852-477D-9D16-5D374FA31824}.Release|Any CPU.ActiveCfg = Release|Any CPU
		{7B6F55D3-5852-477D-9D16-5D374FA31824}.Release|Any CPU.Build.0 = Release|Any CPU
		{0C618D9A-99DC-4873-9F95-CA0956C99052}.Debug|Any CPU.ActiveCfg = Debug|Any CPU
		{0C618D9A-99DC-4873-9F95-CA0956C99052}.Debug|Any CPU.Build.0 = Debug|Any CPU
		{0C618D9A-99DC-4873-9F95-CA0956C99052}.Release|Any CPU.ActiveCfg = Release|Any CPU
		{0C618D9A-99DC-4873-9F95-CA0956C99052}.Release|Any CPU.Build.0 = Release|Any CPU
		{C2BC2BFD-1B90-4276-BDE9-E7859827193C}.Debug|Any CPU.ActiveCfg = Debug|Any CPU
		{C2BC2BFD-1B90-4276-BDE9-E7859827193C}.Debug|Any CPU.Build.0 = Debug|Any CPU
		{C2BC2BFD-1B90-4276-BDE9-E7859827193C}.Release|Any CPU.ActiveCfg = Release|Any CPU
		{C2BC2BFD-1B90-4276-BDE9-E7859827193C}.Release|Any CPU.Build.0 = Release|Any CPU
	EndGlobalSection
	GlobalSection(SolutionProperties) = preSolution
		HideSolutionNode = FALSE
	EndGlobalSection
EndGlobal
